#MicroXplorer Configuration settings - do not modify
CAD.formats=
CAD.pinconfig=
CAD.provider=
CORTEX_M7.IPParameters=default_mode_Activation,MPU_Control
CORTEX_M7.MPU_Control=__NULL
CORTEX_M7.default_mode_Activation=1
FMC.CASLatency1=FMC_SDRAM_CAS_LATENCY_3
FMC.ColumnBitsNumber1=FMC_SDRAM_COLUMN_BITS_NUM_9
FMC.ExitSelfRefreshDelay1=9
FMC.IPParameters=ColumnBitsNumber1,CASLatency1,SDClockPeriod1,ReadBurst1,ReadPipeDelay1,LoadToActiveDelay1,ExitSelfRefreshDelay1,SelfRefreshTime1,RowCycleDelay1,WriteRecoveryTime1,RPDelay1,RCDDelay1
FMC.LoadToActiveDelay1=2
FMC.RCDDelay1=2
FMC.RPDelay1=2
FMC.ReadBurst1=FMC_SDRAM_RBURST_ENABLE
FMC.ReadPipeDelay1=FMC_SDRAM_RPIPE_DELAY_1
FMC.RowCycleDelay1=8
FMC.SDClockPeriod1=FMC_SDRAM_CLOCK_PERIOD_2
FMC.SelfRefreshTime1=6
FMC.WriteRecoveryTime1=4
File.Version=6
GPIO.groupedBy=Group By Peripherals
KeepUserPlacement=false
Mcu.CPN=STM32H750XBH6
Mcu.Family=STM32H7
Mcu.IP0=CORTEX_M7
Mcu.IP1=FMC
Mcu.IP2=NVIC
Mcu.IP3=QUADSPI
Mcu.IP4=RCC
Mcu.IP5=SYS
Mcu.IP6=USART1
Mcu.IPNb=7
Mcu.Name=STM32H750XBHx
Mcu.Package=TFBGA240
Mcu.Pin0=PI6
Mcu.Pin1=PI5
Mcu.Pin10=PI2
Mcu.Pin11=PH15
Mcu.Pin12=PH14
Mcu.Pin13=PC15-OSC32_OUT (OSC32_OUT)
Mcu.Pin14=PC14-OSC32_IN (OSC32_IN)
Mcu.Pin15=PE0
Mcu.Pin16=PI3
Mcu.Pin17=PG15
Mcu.Pin18=PG14
Mcu.Pin19=PD0
Mcu.Pin2=PI4
Mcu.Pin20=PA10
Mcu.Pin21=PA9
Mcu.Pin22=PH13
Mcu.Pin23=PI9
Mcu.Pin24=PD1
Mcu.Pin25=PI10
Mcu.Pin26=PG8
Mcu.Pin27=PF2
Mcu.Pin28=PF1
Mcu.Pin29=PF0
Mcu.Pin3=PG9
Mcu.Pin30=PG5
Mcu.Pin31=PG6
Mcu.Pin32=PF3
Mcu.Pin33=PG4
Mcu.Pin34=PG2
Mcu.Pin35=PH1-OSC_OUT (PH1)
Mcu.Pin36=PH0-OSC_IN (PH0)
Mcu.Pin37=PF5
Mcu.Pin38=PF4
Mcu.Pin39=PF6
Mcu.Pin4=PD5
Mcu.Pin40=PF7
Mcu.Pin41=PF8
Mcu.Pin42=PC0
Mcu.Pin43=PF9
Mcu.Pin44=PH2
Mcu.Pin45=PE10
Mcu.Pin46=PH3
Mcu.Pin47=PF13
Mcu.Pin48=PF14
Mcu.Pin49=PE9
Mcu.Pin5=PD4
Mcu.Pin50=PE11
Mcu.Pin51=PH10
Mcu.Pin52=PH11
Mcu.Pin53=PD15
Mcu.Pin54=PD14
Mcu.Pin55=PB2
Mcu.Pin56=PF12
Mcu.Pin57=PF15
Mcu.Pin58=PE12
Mcu.Pin59=PE15
Mcu.Pin6=PI1
Mcu.Pin60=PH9
Mcu.Pin61=PH12
Mcu.Pin62=PF11
Mcu.Pin63=PG0
Mcu.Pin64=PE8
Mcu.Pin65=PE13
Mcu.Pin66=PH6
Mcu.Pin67=PH8
Mcu.Pin68=PD10
Mcu.Pin69=PD9
Mcu.Pin7=PI0
Mcu.Pin70=PG1
Mcu.Pin71=PE7
Mcu.Pin72=PE14
Mcu.Pin73=PH7
Mcu.Pin74=PD8
Mcu.Pin75=VP_SYS_VS_Systick
Mcu.Pin8=PI7
Mcu.Pin9=PE1
Mcu.PinsNb=76
Mcu.ThirdPartyNb=0
Mcu.UserConstants=
Mcu.UserName=STM32H750XBHx
MxCube.Version=6.11.1
MxDb.Version=DB.6.0.111
NVIC.BusFault_IRQn=true\:0\:0\:false\:false\:true\:false\:false\:false
NVIC.DebugMonitor_IRQn=true\:0\:0\:false\:false\:true\:false\:false\:false
NVIC.ForceEnableDMAVector=true
NVIC.HardFault_IRQn=true\:0\:0\:false\:false\:true\:false\:false\:false
NVIC.MemoryManagement_IRQn=true\:0\:0\:false\:false\:true\:false\:false\:false
NVIC.NonMaskableInt_IRQn=true\:0\:0\:false\:false\:true\:false\:false\:false
NVIC.PendSV_IRQn=true\:0\:0\:false\:false\:true\:false\:false\:false
NVIC.PriorityGroup=NVIC_PRIORITYGROUP_4
NVIC.SVCall_IRQn=true\:0\:0\:false\:false\:true\:false\:false\:false
NVIC.SysTick_IRQn=true\:15\:0\:false\:false\:true\:false\:true\:false
NVIC.UsageFault_IRQn=true\:0\:0\:false\:false\:true\:false\:false\:false
PA10.Locked=true
PA10.Mode=Asynchronous
PA10.Signal=USART1_RX
PA9.Locked=true
PA9.Mode=Asynchronous
PA9.Signal=USART1_TX
PB2.GPIOParameters=GPIO_Speed
PB2.GPIO_Speed=GPIO_SPEED_FREQ_VERY_HIGH
PB2.Locked=true
PB2.Mode=Dual_Bank
PB2.Signal=QUADSPI_CLK
PC0.GPIOParameters=GPIO_Speed_High_Default
PC0.GPIO_Speed_High_Default=GPIO_SPEED_FREQ_VERY_HIGH
PC0.Signal=FMC_SDNWE
PC14-OSC32_IN\ (OSC32_IN).Mode=LSE-External-Oscillator
PC14-OSC32_IN\ (OSC32_IN).Signal=RCC_OSC32_IN
PC15-OSC32_OUT\ (OSC32_OUT).Mode=LSE-External-Oscillator
PC15-OSC32_OUT\ (OSC32_OUT).Signal=RCC_OSC32_OUT
PD0.GPIOParameters=GPIO_Speed_High_Default
PD0.GPIO_Speed_High_Default=GPIO_SPEED_FREQ_VERY_HIGH
PD0.Signal=FMC_D2_DA2
PD1.GPIOParameters=GPIO_Speed_High_Default
PD1.GPIO_Speed_High_Default=GPIO_SPEED_FREQ_VERY_HIGH
PD1.Signal=FMC_D3_DA3
PD10.GPIOParameters=GPIO_Speed_High_Default
PD10.GPIO_Speed_High_Default=GPIO_SPEED_FREQ_VERY_HIGH
PD10.Signal=FMC_D15_DA15
PD14.GPIOParameters=GPIO_Speed_High_Default
PD14.GPIO_Speed_High_Default=GPIO_SPEED_FREQ_VERY_HIGH
PD14.Signal=FMC_D0_DA0
PD15.GPIOParameters=GPIO_Speed_High_Default
PD15.GPIO_Speed_High_Default=GPIO_SPEED_FREQ_VERY_HIGH
PD15.Signal=FMC_D1_DA1
PD4.GPIOParameters=PinState
PD4.Locked=true
PD4.PinState=GPIO_PIN_SET
PD4.Signal=GPIO_Output
PD5.GPIOParameters=PinState
PD5.Locked=true
PD5.PinState=GPIO_PIN_SET
PD5.Signal=GPIO_Output
PD8.GPIOParameters=GPIO_Speed_High_Default
PD8.GPIO_Speed_High_Default=GPIO_SPEED_FREQ_VERY_HIGH
PD8.Signal=FMC_D13_DA13
PD9.GPIOParameters=GPIO_Speed_High_Default
PD9.GPIO_Speed_High_Default=GPIO_SPEED_FREQ_VERY_HIGH
PD9.Signal=FMC_D14_DA14
PE0.GPIOParameters=GPIO_Speed_High_Default
PE0.GPIO_Speed_High_Default=GPIO_SPEED_FREQ_VERY_HIGH
PE0.Signal=FMC_NBL0
PE1.GPIOParameters=GPIO_Speed_High_Default
PE1.GPIO_Speed_High_Default=GPIO_SPEED_FREQ_VERY_HIGH
PE1.Signal=FMC_NBL1
PE10.GPIOParameters=GPIO_Speed_High_Default
PE10.GPIO_Speed_High_Default=GPIO_SPEED_FREQ_VERY_HIGH
PE10.Signal=FMC_D7_DA7
PE11.GPIOParameters=GPIO_Speed_High_Default
PE11.GPIO_Speed_High_Default=GPIO_SPEED_FREQ_VERY_HIGH
PE11.Signal=FMC_D8_DA8
PE12.GPIOParameters=GPIO_Speed_High_Default
PE12.GPIO_Speed_High_Default=GPIO_SPEED_FREQ_VERY_HIGH
PE12.Signal=FMC_D9_DA9
PE13.GPIOParameters=GPIO_Speed_High_Default
PE13.GPIO_Speed_High_Default=GPIO_SPEED_FREQ_VERY_HIGH
PE13.Signal=FMC_D10_DA10
PE14.GPIOParameters=GPIO_Speed_High_Default
PE14.GPIO_Speed_High_Default=GPIO_SPEED_FREQ_VERY_HIGH
PE14.Signal=FMC_D11_DA11
PE15.GPIOParameters=GPIO_Speed_High_Default
PE15.GPIO_Speed_High_Default=GPIO_SPEED_FREQ_VERY_HIGH
PE15.Signal=FMC_D12_DA12
PE7.GPIOParameters=GPIO_Speed_High_Default
PE7.GPIO_Speed_High_Default=GPIO_SPEED_FREQ_VERY_HIGH
PE7.Signal=FMC_D4_DA4
PE8.GPIOParameters=GPIO_Speed_High_Default
PE8.GPIO_Speed_High_Default=GPIO_SPEED_FREQ_VERY_HIGH
PE8.Signal=FMC_D5_DA5
PE9.GPIOParameters=GPIO_Speed_High_Default
PE9.GPIO_Speed_High_Default=GPIO_SPEED_FREQ_VERY_HIGH
PE9.Signal=FMC_D6_DA6
PF0.GPIOParameters=GPIO_Speed_High_Default
PF0.GPIO_Speed_High_Default=GPIO_SPEED_FREQ_VERY_HIGH
PF0.Signal=FMC_A0
PF1.GPIOParameters=GPIO_Speed_High_Default
PF1.GPIO_Speed_High_Default=GPIO_SPEED_FREQ_VERY_HIGH
PF1.Signal=FMC_A1
PF11.GPIOParameters=GPIO_Speed_High_Default
PF11.GPIO_Speed_High_Default=GPIO_SPEED_FREQ_VERY_HIGH
PF11.Signal=FMC_SDNRAS
PF12.GPIOParameters=GPIO_Speed_High_Default
PF12.GPIO_Speed_High_Default=GPIO_SPEED_FREQ_VERY_HIGH
PF12.Signal=FMC_A6
PF13.GPIOParameters=GPIO_Speed_High_Default
PF13.GPIO_Speed_High_Default=GPIO_SPEED_FREQ_VERY_HIGH
PF13.Signal=FMC_A7
PF14.GPIOParameters=GPIO_Speed_High_Default
PF14.GPIO_Speed_High_Default=GPIO_SPEED_FREQ_VERY_HIGH
PF14.Signal=FMC_A8
PF15.GPIOParameters=GPIO_Speed_High_Default
PF15.GPIO_Speed_High_Default=GPIO_SPEED_FREQ_VERY_HIGH
PF15.Signal=FMC_A9
PF2.GPIOParameters=GPIO_Speed_High_Default
PF2.GPIO_Speed_High_Default=GPIO_SPEED_FREQ_VERY_HIGH
PF2.Signal=FMC_A2
PF3.GPIOParameters=GPIO_Speed_High_Default
PF3.GPIO_Speed_High_Default=GPIO_SPEED_FREQ_VERY_HIGH
PF3.Signal=FMC_A3
PF4.GPIOParameters=GPIO_Speed_High_Default
PF4.GPIO_Speed_High_Default=GPIO_SPEED_FREQ_VERY_HIGH
PF4.Signal=FMC_A4
PF5.GPIOParameters=GPIO_Speed_High_Default
PF5.GPIO_Speed_High_Default=GPIO_SPEED_FREQ_VERY_HIGH
PF5.Signal=FMC_A5
PF6.GPIOParameters=GPIO_Speed
PF6.GPIO_Speed=GPIO_SPEED_FREQ_VERY_HIGH
PF6.Mode=Dual_Bank
PF6.Signal=QUADSPI_BK1_IO3
PF7.GPIOParameters=GPIO_Speed
PF7.GPIO_Speed=GPIO_SPEED_FREQ_VERY_HIGH
PF7.Locked=true
PF7.Mode=Dual_Bank
PF7.Signal=QUADSPI_BK1_IO2
PF8.GPIOParameters=GPIO_Speed
PF8.GPIO_Speed=GPIO_SPEED_FREQ_VERY_HIGH
PF8.Locked=true
PF8.Mode=Dual_Bank
PF8.Signal=QUADSPI_BK1_IO0
PF9.GPIOParameters=GPIO_Speed
PF9.GPIO_Speed=GPIO_SPEED_FREQ_VERY_HIGH
PF9.Locked=true
PF9.Mode=Dual_Bank
PF9.Signal=QUADSPI_BK1_IO1
PG0.GPIOParameters=GPIO_Speed_High_Default
PG0.GPIO_Speed_High_Default=GPIO_SPEED_FREQ_VERY_HIGH
PG0.Signal=FMC_A10
PG1.GPIOParameters=GPIO_Speed_High_Default
PG1.GPIO_Speed_High_Default=GPIO_SPEED_FREQ_VERY_HIGH
PG1.Signal=FMC_A11
PG14.GPIOParameters=GPIO_Speed
PG14.GPIO_Speed=GPIO_SPEED_FREQ_VERY_HIGH
PG14.Mode=Dual_Bank
PG14.Signal=QUADSPI_BK2_IO3
PG15.GPIOParameters=GPIO_Speed_High_Default
PG15.GPIO_Speed_High_Default=GPIO_SPEED_FREQ_VERY_HIGH
PG15.Signal=FMC_SDNCAS
PG2.GPIOParameters=GPIO_Speed_High_Default
PG2.GPIO_Speed_High_Default=GPIO_SPEED_FREQ_VERY_HIGH
PG2.Signal=FMC_A12
PG4.GPIOParameters=GPIO_Speed_High_Default
PG4.GPIO_Speed_High_Default=GPIO_SPEED_FREQ_VERY_HIGH
PG4.Signal=FMC_A14_BA0
PG5.GPIOParameters=GPIO_Speed_High_Default
PG5.GPIO_Speed_High_Default=GPIO_SPEED_FREQ_VERY_HIGH
PG5.Signal=FMC_A15_BA1
PG6.GPIOParameters=GPIO_Speed
PG6.GPIO_Speed=GPIO_SPEED_FREQ_VERY_HIGH
PG6.Locked=true
PG6.Mode=Enable Chip Select 1 for both banks
PG6.Signal=QUADSPI_BK1_NCS
PG8.GPIOParameters=GPIO_Speed_High_Default
PG8.GPIO_Speed_High_Default=GPIO_SPEED_FREQ_VERY_HIGH
PG8.Signal=FMC_SDCLK
PG9.GPIOParameters=GPIO_Speed
PG9.GPIO_Speed=GPIO_SPEED_FREQ_VERY_HIGH
PG9.Mode=Dual_Bank
PG9.Signal=QUADSPI_BK2_IO2
PH0-OSC_IN\ (PH0).Mode=HSE-External-Oscillator
PH0-OSC_IN\ (PH0).Signal=RCC_OSC_IN
PH1-OSC_OUT\ (PH1).Mode=HSE-External-Oscillator
PH1-OSC_OUT\ (PH1).Signal=RCC_OSC_OUT
PH10.GPIOParameters=GPIO_Speed_High_Default
PH10.GPIO_Speed_High_Default=GPIO_SPEED_FREQ_VERY_HIGH
PH10.Signal=FMC_D18
PH11.GPIOParameters=GPIO_Speed_High_Default
PH11.GPIO_Speed_High_Default=GPIO_SPEED_FREQ_VERY_HIGH
PH11.Signal=FMC_D19
PH12.GPIOParameters=GPIO_Speed_High_Default
PH12.GPIO_Speed_High_Default=GPIO_SPEED_FREQ_VERY_HIGH
PH12.Signal=FMC_D20
PH13.GPIOParameters=GPIO_Speed_High_Default
PH13.GPIO_Speed_High_Default=GPIO_SPEED_FREQ_VERY_HIGH
PH13.Signal=FMC_D21
PH14.GPIOParameters=GPIO_Speed_High_Default
PH14.GPIO_Speed_High_Default=GPIO_SPEED_FREQ_VERY_HIGH
PH14.Signal=FMC_D22
PH15.GPIOParameters=GPIO_Speed_High_Default
PH15.GPIO_Speed_High_Default=GPIO_SPEED_FREQ_VERY_HIGH
PH15.Signal=FMC_D23
PH2.GPIOParameters=GPIO_Speed
PH2.GPIO_Speed=GPIO_SPEED_FREQ_VERY_HIGH
PH2.Mode=Dual_Bank
PH2.Signal=QUADSPI_BK2_IO0
PH3.GPIOParameters=GPIO_Speed
PH3.GPIO_Speed=GPIO_SPEED_FREQ_VERY_HIGH
PH3.Mode=Dual_Bank
PH3.Signal=QUADSPI_BK2_IO1
PH6.GPIOParameters=GPIO_Speed_High_Default
PH6.GPIO_Speed_High_Default=GPIO_SPEED_FREQ_VERY_HIGH
PH6.Locked=true
PH6.Mode=SdramChipSelect2_1
PH6.Signal=FMC_SDNE1
PH7.GPIOParameters=GPIO_Speed_High_Default
PH7.GPIO_Speed_High_Default=GPIO_SPEED_FREQ_VERY_HIGH
PH7.Locked=true
PH7.Mode=SdramChipSelect2_1
PH7.Signal=FMC_SDCKE1
PH8.GPIOParameters=GPIO_Speed_High_Default
PH8.GPIO_Speed_High_Default=GPIO_SPEED_FREQ_VERY_HIGH
PH8.Signal=FMC_D16
PH9.GPIOParameters=GPIO_Speed_High_Default
PH9.GPIO_Speed_High_Default=GPIO_SPEED_FREQ_VERY_HIGH
PH9.Signal=FMC_D17
PI0.GPIOParameters=GPIO_Speed_High_Default
PI0.GPIO_Speed_High_Default=GPIO_SPEED_FREQ_VERY_HIGH
PI0.Signal=FMC_D24
PI1.GPIOParameters=GPIO_Speed_High_Default
PI1.GPIO_Speed_High_Default=GPIO_SPEED_FREQ_VERY_HIGH
PI1.Signal=FMC_D25
PI10.GPIOParameters=GPIO_Speed_High_Default
PI10.GPIO_Speed_High_Default=GPIO_SPEED_FREQ_VERY_HIGH
PI10.Signal=FMC_D31
PI2.GPIOParameters=GPIO_Speed_High_Default
PI2.GPIO_Speed_High_Default=GPIO_SPEED_FREQ_VERY_HIGH
PI2.Signal=FMC_D26
PI3.GPIOParameters=GPIO_Speed_High_Default
PI3.GPIO_Speed_High_Default=GPIO_SPEED_FREQ_VERY_HIGH
PI3.Signal=FMC_D27
PI4.GPIOParameters=GPIO_Speed_High_Default
PI4.GPIO_Speed_High_Default=GPIO_SPEED_FREQ_VERY_HIGH
PI4.Signal=FMC_NBL2
PI5.GPIOParameters=GPIO_Speed_High_Default
PI5.GPIO_Speed_High_Default=GPIO_SPEED_FREQ_VERY_HIGH
PI5.Signal=FMC_NBL3
PI6.GPIOParameters=GPIO_Speed_High_Default
PI6.GPIO_Speed_High_Default=GPIO_SPEED_FREQ_VERY_HIGH
PI6.Signal=FMC_D28
PI7.GPIOParameters=GPIO_Speed_High_Default
PI7.GPIO_Speed_High_Default=GPIO_SPEED_FREQ_VERY_HIGH
PI7.Signal=FMC_D29
PI9.GPIOParameters=GPIO_Speed_High_Default
PI9.GPIO_Speed_High_Default=GPIO_SPEED_FREQ_VERY_HIGH
PI9.Signal=FMC_D30
PinOutPanel.CurrentBGAView=Top
PinOutPanel.RotationAngle=0
ProjectManager.AskForMigrate=true
ProjectManager.BackupPrevious=false
ProjectManager.CompilerOptimize=6
ProjectManager.ComputerToolchain=false
ProjectManager.CoupleFile=true
ProjectManager.CustomerFirmwarePackage=
ProjectManager.DefaultFWLocation=true
ProjectManager.DeletePrevious=true
ProjectManager.DeviceId=STM32H750XBHx
ProjectManager.FirmwarePackage=STM32Cube FW_H7 V1.11.2
ProjectManager.FreePins=false
ProjectManager.HalAssertFull=false
ProjectManager.HeapSize=0x200
ProjectManager.KeepUserCode=true
ProjectManager.LastFirmware=true
ProjectManager.LibraryCopy=1
ProjectManager.MainLocation=Core/Src
ProjectManager.NoMain=false
ProjectManager.PreviousToolchain=STM32CubeIDE
ProjectManager.ProjectBuild=false
ProjectManager.ProjectFileName=stm32h750xb.ioc
ProjectManager.ProjectName=stm32h750xb
ProjectManager.ProjectStructure=
ProjectManager.RegisterCallBack=
ProjectManager.StackSize=0x400
ProjectManager.TargetToolchain=MDK-ARM V5.32
ProjectManager.ToolChainLocation=
ProjectManager.UAScriptAfterPath=
ProjectManager.UAScriptBeforePath=
ProjectManager.UnderRoot=false
ProjectManager.functionlistsort=1-SystemClock_Config-RCC-false-HAL-false,2-MX_GPIO_Init-GPIO-false-HAL-true,3-MX_QUADSPI_Init-QUADSPI-false-HAL-true,4-MX_USART1_UART_Init-USART1-false-HAL-true,5-MX_FMC_Init-FMC-false-HAL-true,0-MX_CORTEX_M7_Init-CORTEX_M7-false-HAL-true
QUADSPI.ChipSelectHighTime=QSPI_CS_HIGH_TIME_8_CYCLE
QUADSPI.ClockPrescaler=3
QUADSPI.FifoThreshold=32
QUADSPI.FlashSize=27
QUADSPI.IPParameters=SampleShifting,FifoThreshold,FlashSize,ChipSelectHighTime,ClockPrescaler
QUADSPI.SampleShifting=QSPI_SAMPLE_SHIFTING_NONE
RCC.ADCFreq_Value=480000000
RCC.AHB12Freq_Value=240000000
RCC.AHB4Freq_Value=240000000
RCC.APB1Freq_Value=120000000
RCC.APB2Freq_Value=120000000
RCC.APB3Freq_Value=120000000
RCC.APB4Freq_Value=120000000
RCC.AXIClockFreq_Value=240000000
RCC.CECFreq_Value=32000
RCC.CKPERFreq_Value=64000000
RCC.CortexFreq_Value=480000000
RCC.CpuClockFreq_Value=480000000
RCC.D1CPREFreq_Value=480000000
RCC.D1PPRE=RCC_APB3_DIV2
RCC.D2PPRE1=RCC_APB1_DIV2
RCC.D2PPRE2=RCC_APB2_DIV2
RCC.D3PPRE=RCC_APB4_DIV2
RCC.DFSDMACLkFreq_Value=480000000
RCC.DFSDMFreq_Value=120000000
RCC.DIVM1=5
RCC.DIVM2=5
RCC.DIVN1=192
RCC.DIVN2=192
RCC.DIVP1Freq_Value=480000000
RCC.DIVP2Freq_Value=480000000
RCC.DIVP3Freq_Value=50390625
RCC.DIVQ1Freq_Value=480000000
RCC.DIVQ2Freq_Value=480000000
RCC.DIVQ3Freq_Value=50390625
RCC.DIVR1Freq_Value=480000000
RCC.DIVR2Freq_Value=480000000
RCC.DIVR3Freq_Value=50390625
RCC.FDCANFreq_Value=480000000
RCC.FMCFreq_Value=240000000
RCC.FamilyName=M
RCC.HCLK3ClockFreq_Value=240000000
RCC.HCLKFreq_Value=240000000
RCC.HPRE=RCC_HCLK_DIV2
RCC.HRTIMFreq_Value=240000000
RCC.I2C123Freq_Value=120000000
RCC.I2C4Freq_Value=120000000
RCC.IPParameters=ADCFreq_Value,AHB12Freq_Value,AHB4Freq_Value,APB1Freq_Value,APB2Freq_Value,APB3Freq_Value,APB4Freq_Value,AXIClockFreq_Value,CECFreq_Value,CKPERFreq_Value,CortexFreq_Value,CpuClockFreq_Value,D1CPREFreq_Value,D1PPRE,D2PPRE1,D2PPRE2,D3PPRE,DFSDMACLkFreq_Value,DFSDMFreq_Value,DIVM1,DIVM2,DIVN1,DIVN2,DIVP1Freq_Value,DIVP2Freq_Value,DIVP3Freq_Value,DIVQ1Freq_Value,DIVQ2Freq_Value,DIVQ3Freq_Value,DIVR1Freq_Value,DIVR2Freq_Value,DIVR3Freq_Value,FDCANFreq_Value,FMCFreq_Value,FamilyName,HCLK3ClockFreq_Value,HCLKFreq_Value,HPRE,HRTIMFreq_Value,I2C123Freq_Value,I2C4Freq_Value,LPTIM1Freq_Value,LPTIM2Freq_Value,LPTIM345Freq_Value,LPUART1Freq_Value,LTDCFreq_Value,MCO1PinFreq_Value,MCO2PinFreq_Value,PLLSourceVirtual,ProductRev,QSPIFreq_Value,RNGFreq_Value,RTCFreq_Value,SAI1Freq_Value,SAI23Freq_Value,SAI4AFreq_Value,SAI4BFreq_Value,SDMMCFreq_Value,SPDIFRXFreq_Value,SPI123Freq_Value,SPI45Freq_Value,SPI6Freq_Value,SWPMI1Freq_Value,SYSCLKFreq_VALUE,SYSCLKSource,Tim1OutputFreq_Value,Tim2OutputFreq_Value,TraceFreq_Value,USART16Freq_Value,USART234578Freq_Value,USBFreq_Value,VCO1OutputFreq_Value,VCO2OutputFreq_Value,VCO3OutputFreq_Value,VCOInput1Freq_Value,VCOInput2Freq_Value,VCOInput3Freq_Value
RCC.LPTIM1Freq_Value=120000000
RCC.LPTIM2Freq_Value=120000000
RCC.LPTIM345Freq_Value=120000000
RCC.LPUART1Freq_Value=120000000
RCC.LTDCFreq_Value=50390625
RCC.MCO1PinFreq_Value=64000000
RCC.MCO2PinFreq_Value=480000000
RCC.PLLSourceVirtual=RCC_PLLSOURCE_HSE
RCC.ProductRev=revV
RCC.QSPIFreq_Value=240000000
RCC.RNGFreq_Value=48000000
RCC.RTCFreq_Value=32000
RCC.SAI1Freq_Value=480000000
RCC.SAI23Freq_Value=480000000
RCC.SAI4AFreq_Value=480000000
RCC.SAI4BFreq_Value=480000000
RCC.SDMMCFreq_Value=480000000
RCC.SPDIFRXFreq_Value=480000000
RCC.SPI123Freq_Value=480000000
RCC.SPI45Freq_Value=120000000
RCC.SPI6Freq_Value=120000000
RCC.SWPMI1Freq_Value=120000000
RCC.SYSCLKFreq_VALUE=480000000
RCC.SYSCLKSource=RCC_SYSCLKSOURCE_PLLCLK
RCC.Tim1OutputFreq_Value=240000000
RCC.Tim2OutputFreq_Value=240000000
RCC.TraceFreq_Value=64000000
RCC.USART16Freq_Value=120000000
RCC.USART234578Freq_Value=120000000
RCC.USBFreq_Value=480000000
RCC.VCO1OutputFreq_Value=960000000
RCC.VCO2OutputFreq_Value=960000000
RCC.VCO3OutputFreq_Value=100781250
RCC.VCOInput1Freq_Value=5000000
RCC.VCOInput2Freq_Value=5000000
RCC.VCOInput3Freq_Value=781250
SH.FMC_A0.0=FMC_A0,13b-sda1
SH.FMC_A0.ConfNb=1
SH.FMC_A1.0=FMC_A1,13b-sda1
SH.FMC_A1.ConfNb=1
SH.FMC_A10.0=FMC_A10,13b-sda1
SH.FMC_A10.ConfNb=1
SH.FMC_A11.0=FMC_A11,13b-sda1
SH.FMC_A11.ConfNb=1
SH.FMC_A12.0=FMC_A12,13b-sda1
SH.FMC_A12.ConfNb=1
SH.FMC_A14_BA0.0=FMC_BA0,FourSdramBanks1
SH.FMC_A14_BA0.ConfNb=1
SH.FMC_A15_BA1.0=FMC_BA1,FourSdramBanks1
SH.FMC_A15_BA1.ConfNb=1
SH.FMC_A2.0=FMC_A2,13b-sda1
SH.FMC_A2.ConfNb=1
SH.FMC_A3.0=FMC_A3,13b-sda1
SH.FMC_A3.ConfNb=1
SH.FMC_A4.0=FMC_A4,13b-sda1
SH.FMC_A4.ConfNb=1
SH.FMC_A5.0=FMC_A5,13b-sda1
SH.FMC_A5.ConfNb=1
SH.FMC_A6.0=FMC_A6,13b-sda1
SH.FMC_A6.ConfNb=1
SH.FMC_A7.0=FMC_A7,13b-sda1
SH.FMC_A7.ConfNb=1
SH.FMC_A8.0=FMC_A8,13b-sda1
SH.FMC_A8.ConfNb=1
SH.FMC_A9.0=FMC_A9,13b-sda1
SH.FMC_A9.ConfNb=1
SH.FMC_D0_DA0.0=FMC_D0,sd-32b-d1
SH.FMC_D0_DA0.ConfNb=1
SH.FMC_D10_DA10.0=FMC_D10,sd-32b-d1
SH.FMC_D10_DA10.ConfNb=1
SH.FMC_D11_DA11.0=FMC_D11,sd-32b-d1
SH.FMC_D11_DA11.ConfNb=1
SH.FMC_D12_DA12.0=FMC_D12,sd-32b-d1
SH.FMC_D12_DA12.ConfNb=1
SH.FMC_D13_DA13.0=FMC_D13,sd-32b-d1
SH.FMC_D13_DA13.ConfNb=1
SH.FMC_D14_DA14.0=FMC_D14,sd-32b-d1
SH.FMC_D14_DA14.ConfNb=1
SH.FMC_D15_DA15.0=FMC_D15,sd-32b-d1
SH.FMC_D15_DA15.ConfNb=1
SH.FMC_D16.0=FMC_D16,sd-32b-d1
SH.FMC_D16.ConfNb=1
SH.FMC_D17.0=FMC_D17,sd-32b-d1
SH.FMC_D17.ConfNb=1
SH.FMC_D18.0=FMC_D18,sd-32b-d1
SH.FMC_D18.ConfNb=1
SH.FMC_D19.0=FMC_D19,sd-32b-d1
SH.FMC_D19.ConfNb=1
SH.FMC_D1_DA1.0=FMC_D1,sd-32b-d1
SH.FMC_D1_DA1.ConfNb=1
SH.FMC_D20.0=FMC_D20,sd-32b-d1
SH.FMC_D20.ConfNb=1
SH.FMC_D21.0=FMC_D21,sd-32b-d1
SH.FMC_D21.ConfNb=1
SH.FMC_D22.0=FMC_D22,sd-32b-d1
SH.FMC_D22.ConfNb=1
SH.FMC_D23.0=FMC_D23,sd-32b-d1
SH.FMC_D23.ConfNb=1
SH.FMC_D24.0=FMC_D24,sd-32b-d1
SH.FMC_D24.ConfNb=1
SH.FMC_D25.0=FMC_D25,sd-32b-d1
SH.FMC_D25.ConfNb=1
SH.FMC_D26.0=FMC_D26,sd-32b-d1
SH.FMC_D26.ConfNb=1
SH.FMC_D27.0=FMC_D27,sd-32b-d1
SH.FMC_D27.ConfNb=1
SH.FMC_D28.0=FMC_D28,sd-32b-d1
SH.FMC_D28.ConfNb=1
SH.FMC_D29.0=FMC_D29,sd-32b-d1
SH.FMC_D29.ConfNb=1
SH.FMC_D2_DA2.0=FMC_D2,sd-32b-d1
SH.FMC_D2_DA2.ConfNb=1
SH.FMC_D30.0=FMC_D30,sd-32b-d1
SH.FMC_D30.ConfNb=1
SH.FMC_D31.0=FMC_D31,sd-32b-d1
SH.FMC_D31.ConfNb=1
SH.FMC_D3_DA3.0=FMC_D3,sd-32b-d1
SH.FMC_D3_DA3.ConfNb=1
SH.FMC_D4_DA4.0=FMC_D4,sd-32b-d1
SH.FMC_D4_DA4.ConfNb=1
SH.FMC_D5_DA5.0=FMC_D5,sd-32b-d1
SH.FMC_D5_DA5.ConfNb=1
SH.FMC_D6_DA6.0=FMC_D6,sd-32b-d1
SH.FMC_D6_DA6.ConfNb=1
SH.FMC_D7_DA7.0=FMC_D7,sd-32b-d1
SH.FMC_D7_DA7.ConfNb=1
SH.FMC_D8_DA8.0=FMC_D8,sd-32b-d1
SH.FMC_D8_DA8.ConfNb=1
SH.FMC_D9_DA9.0=FMC_D9,sd-32b-d1
SH.FMC_D9_DA9.ConfNb=1
SH.FMC_NBL0.0=FMC_NBL0,Sd4ByteEnable1
SH.FMC_NBL0.ConfNb=1
SH.FMC_NBL1.0=FMC_NBL1,Sd4ByteEnable1
SH.FMC_NBL1.ConfNb=1
SH.FMC_NBL2.0=FMC_NBL2,Sd4ByteEnable1
SH.FMC_NBL2.ConfNb=1
SH.FMC_NBL3.0=FMC_NBL3,Sd4ByteEnable1
SH.FMC_NBL3.ConfNb=1
SH.FMC_SDCLK.0=FMC_SDCLK,13b-sda1
SH.FMC_SDCLK.ConfNb=1
SH.FMC_SDNCAS.0=FMC_SDNCAS,13b-sda1
SH.FMC_SDNCAS.ConfNb=1
SH.FMC_SDNRAS.0=FMC_SDNRAS,13b-sda1
SH.FMC_SDNRAS.ConfNb=1
SH.FMC_SDNWE.0=FMC_SDNWE,13b-sda1
SH.FMC_SDNWE.ConfNb=1
USART1.IPParameters=VirtualMode-Asynchronous
USART1.VirtualMode-Asynchronous=VM_ASYNC
VP_SYS_VS_Systick.Mode=SysTick
VP_SYS_VS_Systick.Signal=SYS_VS_Systick
board=custom
